
Microsoft Visual Studio Solution File, Format Version 12.00
# Visual Studio Version 16
VisualStudioVersion = 16.0.32602.291
MinimumVisualStudioVersion = 10.0.40219.1
Project("{FAE04EC0-301F-11D3-BF4B-00C04F79EFBC}") = "HomeW14_ReviewLessonsTasks", "HomeW14_ReviewLessonsTasks\HomeW14_ReviewLessonsTasks.csproj", "{A6F6FC64-B0DB-4F09-9746-D8EC975006F6}"
EndProject
Global
	GlobalSection(SolutionConfigurationPlatforms) = preSolution
		Debug|Any CPU = Debug|Any CPU
		Release|Any CPU = Release|Any CPU
	EndGlobalSection
	GlobalSection(ProjectConfigurationPlatforms) = postSolution
		{A6F6FC64-B0DB-4F09-9746-D8EC975006F6}.Debug|Any CPU.ActiveCfg = Debug|Any CPU
		{A6F6FC64-B0DB-4F09-9746-D8EC975006F6}.Debug|Any CPU.Build.0 = Debug|Any CPU
		{A6F6FC64-B0DB-4F09-9746-D8EC975006F6}.Release|Any CPU.ActiveCfg = Release|Any CPU
		{A6F6FC64-B0DB-4F09-9746-D8EC975006F6}.Release|Any CPU.Build.0 = Release|Any CPU
	EndGlobalSection
	GlobalSection(SolutionProperties) = preSolution
		HideSolutionNode = FALSE
	EndGlobalSection
	GlobalSection(ExtensibilityGlobals) = postSolution
		SolutionGuid = {ECFF029D-D192-41E7-BAC9-A64DA30182EF}
	EndGlobalSection
EndGlobal
