
Microsoft Visual Studio Solution File, Format Version 12.00
# Visual Studio Version 16
VisualStudioVersion = 16.0.32602.291
MinimumVisualStudioVersion = 10.0.40219.1
Project("{FAE04EC0-301F-11D3-BF4B-00C04F79EFBC}") = "HomeW14_Celsius.Kelvin", "HomeW14_Celsius.Kelvin\HomeW14_Celsius.Kelvin.csproj", "{01F86D9D-9476-446E-8D92-AC17924D2CAF}"
EndProject
Global
	GlobalSection(SolutionConfigurationPlatforms) = preSolution
		Debug|Any CPU = Debug|Any CPU
		Release|Any CPU = Release|Any CPU
	EndGlobalSection
	GlobalSection(ProjectConfigurationPlatforms) = postSolution
		{01F86D9D-9476-446E-8D92-AC17924D2CAF}.Debug|Any CPU.ActiveCfg = Debug|Any CPU
		{01F86D9D-9476-446E-8D92-AC17924D2CAF}.Debug|Any CPU.Build.0 = Debug|Any CPU
		{01F86D9D-9476-446E-8D92-AC17924D2CAF}.Release|Any CPU.ActiveCfg = Release|Any CPU
		{01F86D9D-9476-446E-8D92-AC17924D2CAF}.Release|Any CPU.Build.0 = Release|Any CPU
	EndGlobalSection
	GlobalSection(SolutionProperties) = preSolution
		HideSolutionNode = FALSE
	EndGlobalSection
	GlobalSection(ExtensibilityGlobals) = postSolution
		SolutionGuid = {330EE41C-4AF9-4B99-A073-B6AA008DFDF5}
	EndGlobalSection
EndGlobal
